Microsoft Visual Studio Solution File, Format Version 12.00
# Visual Studio Version 17
VisualStudioVersion = 17.5.2.0
MinimumVisualStudioVersion = 10.0.40219.1
Project("{FAE04EC0-301F-11D3-BF4B-00C04F79EFBC}") = "DotNetTrainingJoinTask", "DotNetTrainingJoinTask.csproj", "{1F879106-E7A2-08FB-1A66-A5216F08C843}"
EndProject
Global
	GlobalSection(SolutionConfigurationPlatforms) = preSolution
		Debug|Any CPU = Debug|Any CPU
		Release|Any CPU = Release|Any CPU
	EndGlobalSection
	GlobalSection(ProjectConfigurationPlatforms) = postSolution
		{1F879106-E7A2-08FB-1A66-A5216F08C843}.Debug|Any CPU.ActiveCfg = Debug|Any CPU
		{1F879106-E7A2-08FB-1A66-A5216F08C843}.Debug|Any CPU.Build.0 = Debug|Any CPU
		{1F879106-E7A2-08FB-1A66-A5216F08C843}.Release|Any CPU.ActiveCfg = Release|Any CPU
		{1F879106-E7A2-08FB-1A66-A5216F08C843}.Release|Any CPU.Build.0 = Release|Any CPU
	EndGlobalSection
	GlobalSection(SolutionProperties) = preSolution
		HideSolutionNode = FALSE
	EndGlobalSection
	GlobalSection(ExtensibilityGlobals) = postSolution
		SolutionGuid = {A37B0DBE-92CF-40F1-A28C-8D9A7380D1D4}
	EndGlobalSection
EndGlobal
